
Microsoft Visual Studio Solution File, Format Version 12.00
Project("{FAE04EC0-301F-11D3-BF4B-00C04F79EFBC}") = "ACME.LearningCenterPlatform.API", "ACME.LearningCenterPlatform.API\ACME.LearningCenterPlatform.API.csproj", "{1B285F04-8E23-44F2-99D2-409D01B64F7E}"
EndProject
Global
	GlobalSection(SolutionConfigurationPlatforms) = preSolution
		Debug|Any CPU = Debug|Any CPU
		Release|Any CPU = Release|Any CPU
	EndGlobalSection
	GlobalSection(ProjectConfigurationPlatforms) = postSolution
		{1B285F04-8E23-44F2-99D2-409D01B64F7E}.Debug|Any CPU.ActiveCfg = Debug|Any CPU
		{1B285F04-8E23-44F2-99D2-409D01B64F7E}.Debug|Any CPU.Build.0 = Debug|Any CPU
		{1B285F04-8E23-44F2-99D2-409D01B64F7E}.Release|Any CPU.ActiveCfg = Release|Any CPU
		{1B285F04-8E23-44F2-99D2-409D01B64F7E}.Release|Any CPU.Build.0 = Release|Any CPU
	EndGlobalSection
EndGlobal
